# This file is autogenerated, do not edit; changes may be undone by the next 'dep ensure'.


[[projects]]
  digest = "1:b1f2b4b8773b94d2546774cea6b944518ea9b238c8962d66d3d6d8e2d0052900"
  name = "github.com/beevik/etree"
  packages = ["."]
  pruneopts = ""
  revision = "8aee6516be3b1163bb6450c35c50e4969e3a3aa8"
  version = "v1.1.0"

[[projects]]
  digest = "1:c68fb04b49730c4c562cb16625e169501b4e344f4cac1eee01a7c0b0b42b4eed"
  name = "github.com/crewjam/httperr"
  packages = ["."]
  pruneopts = ""
  revision = "2c16203749582999a04a7831644d5a0bcb43eaf0"
  version = "v0.2.0"

[[projects]]
  digest = "1:447c2d7edb5d1a15b5f718da59046016ed7b91dc8e62a46fa240eb26f9809241"
  name = "github.com/crewjam/saml"
  packages = [
    ".",
    "logger",
    "samlsp",
    "xmlenc",
  ]
  pruneopts = ""
  revision = "1e8b902bc9ab6e31505b87e89e5428913ead2387"
  version = "v0.4.0"

[[projects]]
  digest = "1:6098222470fe0172157ce9bbef5d2200df4edde17ee649c5d6e48330e4afa4c6"
  name = "github.com/dgrijalva/jwt-go"
  packages = ["."]
  pruneopts = ""
  revision = "06ea1031745cb8b3dab3f6a236daf2b0aa468b7e"
  version = "v3.2.0"

[[projects]]
  digest = "1:a661d918513b722967d92c664c9e9a17e2d0fe3924b0016aca7dcb422be93573"
  name = "github.com/dimfeld/httptreemux"
  packages = ["."]
  pruneopts = ""
  revision = "ebfe087278c7efe283236a9ee656b10ccffabb4e"
  version = "v5.2.2"

[[projects]]
  digest = "1:141cc9fc6279592458b304038bd16a05ef477d125c6dad281216345a11746fd7"
  name = "github.com/gofrs/uuid"
  packages = ["."]
  pruneopts = ""
  revision = "6b08a5c5172ba18946672b49749cde22873dd7c2"
  version = "v3.2.0"

[[projects]]
  digest = "1:51a1d17ba9fe6648d9fdd5b822baa616d6ec7f28c8669c2091126d206796b5ae"
  name = "github.com/gorilla/securecookie"
  packages = ["."]
  pruneopts = ""
  revision = "e59506cc896acb7f7bf732d4fdf5e25f7ccd8983"
  version = "v1.1.1"

[[projects]]
  digest = "1:302ad9379eb146668760df4d779a95379acab43ce5f9a28f27f3273f98232020"
  name = "github.com/jonboulle/clockwork"
  packages = ["."]
  pruneopts = ""
  revision = "2eee05ed794112d45db504eb05aa693efd2b8b09"
  version = "v0.1.0"

[[projects]]
  branch = "master"
  digest = "1:13b7939b2ee2a72ead6af867b62a58159cde9e313f93c6c80d49983d3cb74dcb"
  name = "github.com/kabukky/feeds"
  packages = ["."]
  pruneopts = ""
  revision = "c7025aca4568efe41d8864cc51e3d193bdc61339"

[[projects]]
  branch = "master"
  digest = "1:048f85adb4eeed8feedaec030983d629e9903950b237345d579f920bdeaabf00"
  name = "github.com/kabukky/httpscerts"
  packages = ["."]
  pruneopts = ""
  revision = "617593d7dcb39c9ed617bb62c5e2056244d02184"

[[projects]]
  digest = "1:efc96b1af4d57ba523586aa01ffd4edaf94011e4ffda6ab196112272211a2368"
  name = "github.com/kabukky/journey"
  packages = ["structure"]
  pruneopts = ""
  revision = "58d81ca85b7716ed4a986acce99530759d4f5ffd"
  version = "v0.2.0"

[[projects]]
  branch = "master"
  digest = "1:e71cc6b377264002aec0d9c235087e51ad7a3c1fb341bb4baa84709308b94fe8"
  name = "github.com/kardianos/osext"
  packages = ["."]
  pruneopts = ""
  revision = "2bc1f35cddc0cc527b4bc3dce8578fc2a6c11384"

[[projects]]
  digest = "1:ab0869c243f86416a158586d95fefb6a80b63894e84100bb181eba384039d9c6"
  name = "github.com/lestrrat-go/apache-logformat"
  packages = [
    ".",
    "internal/httputil",
    "internal/logctx",
  ]
  pruneopts = ""
  revision = "03f0eea7f35b19f822ceae0298fb2c4a288ff174"
  version = "v2.0.4"

[[projects]]
  digest = "1:1364ed1bf92abf4eded41d131cf3808ce0c6171bb4fee2cc7ca54d389e635ac9"
  name = "github.com/lestrrat-go/strftime"
  packages = ["."]
  pruneopts = ""
  revision = "6b63b6de4db1514785520f626319d12516ee6932"
  version = "v1.0.1"

[[projects]]
  digest = "1:9b474e650675e8a1bf204a4b0710d3e6dccb70fce150f802792d454e8b4fc8d9"
  name = "github.com/mattn/go-sqlite3"
  packages = ["."]
  pruneopts = ""
  revision = "9bdaffc12bf8be15afceb51bb60851edd4afdff5"
  version = "v2.0.3"

[[projects]]
  digest = "1:c45802472e0c06928cd997661f2af610accd85217023b1d5f6331bebce0671d3"
  name = "github.com/pkg/errors"
  packages = ["."]
  pruneopts = ""
  revision = "614d223910a179a466c1767a985424175c39b465"
  version = "v0.9.1"

[[projects]]
  branch = "master"
  digest = "1:3a63d21f9c90d17c31e506b23b9267f97918e24303125e1eae6108c623296875"
  name = "github.com/russellhaering/goxmldsig"
  packages = [
    ".",
    "etreeutils",
    "types",
  ]
  pruneopts = ""
  revision = "7acd5e4a6ef74fe1b082c20f119556adf70c3944"

[[projects]]
  digest = "1:2761e287c811d0948d47d0252b82281eca3801eb3c9d5f9530956643d5b9f430"
  name = "github.com/russross/blackfriday"
  packages = ["."]
  pruneopts = ""
  revision = "05f3235734ad95d0016f6a23902f06461fcf567a"
  version = "v1.5.2"

[[projects]]
  branch = "master"
  digest = "1:c0096423831db90ff2e0b5e3a70b4d555819c7f84b71f79604b61977fc327355"
  name = "github.com/yuin/gopher-lua"
  packages = [
    ".",
    "ast",
    "parse",
    "pm",
  ]
  pruneopts = ""
  revision = "ab39c6098bdba5b34ac9a025d375d4cf5bed4814"

[[projects]]
  branch = "master"
  digest = "1:bf61fa9b53be5ce096004599b957e5957b28a5e421b724250aa06ecb7ee6dc57"
  name = "golang.org/x/crypto"
  packages = [
    "acme",
    "acme/autocert",
    "bcrypt",
    "blowfish",
    "ripemd160",
  ]
  pruneopts = ""
  revision = "4b2356b1ed79e6be3deca3737a3db3d132d2847a"

[[projects]]
  branch = "master"
  digest = "1:cc0cd79615fac200d1df9b269bd74f8903ae793f27dfb4c4b9f9b47ce79f6b25"
  name = "golang.org/x/net"
  packages = ["idna"]
  pruneopts = ""
  revision = "ff2c4b7c35a07b0c1e90ce72aa7bfe41bb66a3cb"

[[projects]]
  branch = "master"
  digest = "1:c37f1064062c0f3f49b53690ce1161fbf4466f759d1351e1d61c68f559e0c75b"
  name = "golang.org/x/sys"
  packages = ["unix"]
  pruneopts = ""
  revision = "593003d681fa6bf81a6affb4ef4129684af97f9c"

[[projects]]
  digest = "1:740b51a55815493a8d0f2b1e0d0ae48fe48953bf7eaf3fcc4198823bf67768c0"
  name = "golang.org/x/text"
  packages = [
    "collate",
    "collate/build",
    "internal/colltab",
    "internal/gen",
    "internal/language",
    "internal/language/compact",
    "internal/tag",
    "internal/triegen",
    "internal/ucd",
    "language",
    "secure/bidirule",
    "transform",
    "unicode/bidi",
    "unicode/cldr",
    "unicode/norm",
    "unicode/rangetable",
  ]
  pruneopts = ""
  revision = "342b2e1fbaa52c93f31447ad2c6abc048c63e475"
  version = "v0.3.2"

[[projects]]
  digest = "1:e47ef65c4d3a37884ab29fb4b5c31e826c8fba04caf81da45607d3fba022f7d7"
  name = "gopkg.in/fsnotify.v1"
  packages = ["."]
  pruneopts = ""
  revision = "45d7d09e39ef4ac08d493309fa031790c15bfe8a"
  source = "https://github.com/fsnotify/fsnotify/archive/v1.4.7.tar.gz"
  version = "v1.4.9"

[solve-meta]
  analyzer-name = "dep"
  analyzer-version = 1
  input-imports = [
    "github.com/crewjam/saml",
    "github.com/crewjam/saml/samlsp",
    "github.com/dimfeld/httptreemux",
    "github.com/gofrs/uuid",
    "github.com/gorilla/securecookie",
    "github.com/kabukky/feeds",
    "github.com/kabukky/httpscerts",
    "github.com/kabukky/journey/structure",
    "github.com/kardianos/osext",
    "github.com/lestrrat-go/apache-logformat",
    "github.com/mattn/go-sqlite3",
    "github.com/russross/blackfriday",
    "github.com/yuin/gopher-lua",
    "golang.org/x/crypto/acme/autocert",
    "golang.org/x/crypto/bcrypt",
    "gopkg.in/fsnotify.v1",
  ]
  solver-name = "gps-cdcl"
  solver-version = 1
