# This file is autogenerated, do not edit; changes may be undone by the next 'dep ensure'.


[[projects]]
  name = "github.com/beevik/etree"
  packages = ["."]
  revision = "8aee6516be3b1163bb6450c35c50e4969e3a3aa8"
  version = "v1.1.0"

[[projects]]
  name = "github.com/crewjam/httperr"
  packages = ["."]
  revision = "a946449404da08114d235a71dd46eedd5c68af07"
  version = "v0.1.0"

[[projects]]
  name = "github.com/crewjam/saml"
  packages = [".","logger","samlsp","xmlenc"]
  revision = "1e8b902bc9ab6e31505b87e89e5428913ead2387"
  version = "v0.4.0"

[[projects]]
  name = "github.com/dgrijalva/jwt-go"
  packages = ["."]
  revision = "06ea1031745cb8b3dab3f6a236daf2b0aa468b7e"
  version = "v3.2.0"

[[projects]]
  name = "github.com/dimfeld/httptreemux"
  packages = ["."]
  revision = "8cc36ee10f84b82d0742ffcab770815c7d3f9ad7"
  version = "v5.0.0"

[[projects]]
  name = "github.com/gorilla/securecookie"
  packages = ["."]
  revision = "667fe4e3466a040b780561fe9b51a83a3753eefc"
  version = "v1.1"

[[projects]]
  name = "github.com/jonboulle/clockwork"
  packages = ["."]
  revision = "2eee05ed794112d45db504eb05aa693efd2b8b09"
  version = "v0.1.0"

[[projects]]
  branch = "master"
  name = "github.com/kabukky/feeds"
  packages = ["."]
  revision = "c7025aca4568efe41d8864cc51e3d193bdc61339"

[[projects]]
  branch = "master"
  name = "github.com/kabukky/httpscerts"
  packages = ["."]
  revision = "617593d7dcb39c9ed617bb62c5e2056244d02184"

[[projects]]
  branch = "master"
  name = "github.com/kardianos/osext"
  packages = ["."]
  revision = "ae77be60afb1dcacde03767a8c37337fad28ac14"

[[projects]]
  name = "github.com/lestrrat-go/apache-logformat"
  packages = [".","internal/httputil","internal/logctx"]
  revision = "03f0eea7f35b19f822ceae0298fb2c4a288ff174"
  version = "v2.0.4"

[[projects]]
  name = "github.com/lestrrat-go/strftime"
  packages = ["."]
  revision = "6b63b6de4db1514785520f626319d12516ee6932"
  version = "v1.0.1"

[[projects]]
  name = "github.com/mattn/go-sqlite3"
  packages = ["."]
  revision = "ed69081a91fd053f17672236b0dd52ba7485e1a3"
  version = "v1.4.0"

[[projects]]
  name = "github.com/pkg/errors"
  packages = ["."]
  revision = "614d223910a179a466c1767a985424175c39b465"
  version = "v0.9.1"

[[projects]]
  branch = "master"
  name = "github.com/russellhaering/goxmldsig"
  packages = [".","etreeutils","types"]
  revision = "7acd5e4a6ef74fe1b082c20f119556adf70c3944"

[[projects]]
  name = "github.com/russross/blackfriday"
  packages = ["."]
  revision = "4048872b16cc0fc2c5fd9eacf0ed2c2fedaa0c8c"
  version = "v1.5"

[[projects]]
  name = "github.com/satori/go.uuid"
  packages = ["."]
  revision = "879c5887cd475cd7864858769793b2ceb0d44feb"
  version = "v1.1.0"

[[projects]]
  branch = "master"
  name = "github.com/yuin/gopher-lua"
  packages = [".","ast","parse","pm"]
  revision = "d819443c5178271c8db41a300b07b843cd632488"

[[projects]]
  branch = "master"
  name = "golang.org/x/crypto"
  packages = ["acme","acme/autocert","bcrypt","blowfish","ripemd160"]
  revision = "d585fd2cc9195196078f516b69daff6744ef5e84"

[[projects]]
  branch = "master"
  name = "golang.org/x/net"
  packages = ["context"]
  revision = "d866cfc389cec985d6fda2859936a575a55a3ab6"

[[projects]]
  branch = "master"
  name = "golang.org/x/sys"
  packages = ["unix"]
  revision = "83801418e1b59fb1880e363299581ee543af32ca"

[[projects]]
  name = "gopkg.in/fsnotify.v1"
  packages = ["."]
  revision = "629574ca2a5df945712d3079857300b5e4da0236"
  version = "v1.4.2"

[solve-meta]
  analyzer-name = "dep"
  analyzer-version = 1
  inputs-digest = "29f358e66191ff48b67e4dfc6c6e0a97ec75c75bb051e58b9bd21465a5d84202"
  solver-name = "gps-cdcl"
  solver-version = 1
